
Microsoft Visual Studio Solution File, Format Version 12.00
# Visual Studio Version 17
VisualStudioVersion = 17.8.34511.84
MinimumVisualStudioVersion = 10.0.40219.1
Project("{9A19103F-16F7-4668-BE54-9A1E7A4F7556}") = "BGPersonalWebsite", "BGPersonalWebite\BGPersonalWebsite.csproj", "{6605116C-BBB0-489C-A1E7-727DA0559C50}"
EndProject
Project("{9A19103F-16F7-4668-BE54-9A1E7A4F7556}") = "Model", "Model\Model.csproj", "{486B65E1-8956-4FF4-8515-16CE344F0E26}"
EndProject
Project("{9A19103F-16F7-4668-BE54-9A1E7A4F7556}") = "DataLayer", "DataLayer\DataLayer.csproj", "{B102AB97-45F2-4AAA-AD11-8B989DD7BC8C}"
EndProject
Project("{9A19103F-16F7-4668-BE54-9A1E7A4F7556}") = "BusinessLayer", "BusinessLayer\BusinessLayer.csproj", "{E802F092-2DD9-464B-B751-C9A58A77B554}"
EndProject
Global
	GlobalSection(SolutionConfigurationPlatforms) = preSolution
		Debug|Any CPU = Debug|Any CPU
		Release|Any CPU = Release|Any CPU
	EndGlobalSection
	GlobalSection(ProjectConfigurationPlatforms) = postSolution
		{6605116C-BBB0-489C-A1E7-727DA0559C50}.Debug|Any CPU.ActiveCfg = Debug|Any CPU
		{6605116C-BBB0-489C-A1E7-727DA0559C50}.Debug|Any CPU.Build.0 = Debug|Any CPU
		{6605116C-BBB0-489C-A1E7-727DA0559C50}.Release|Any CPU.ActiveCfg = Release|Any CPU
		{6605116C-BBB0-489C-A1E7-727DA0559C50}.Release|Any CPU.Build.0 = Release|Any CPU
		{486B65E1-8956-4FF4-8515-16CE344F0E26}.Debug|Any CPU.ActiveCfg = Debug|Any CPU
		{486B65E1-8956-4FF4-8515-16CE344F0E26}.Debug|Any CPU.Build.0 = Debug|Any CPU
		{486B65E1-8956-4FF4-8515-16CE344F0E26}.Release|Any CPU.ActiveCfg = Release|Any CPU
		{486B65E1-8956-4FF4-8515-16CE344F0E26}.Release|Any CPU.Build.0 = Release|Any CPU
		{B102AB97-45F2-4AAA-AD11-8B989DD7BC8C}.Debug|Any CPU.ActiveCfg = Debug|Any CPU
		{B102AB97-45F2-4AAA-AD11-8B989DD7BC8C}.Debug|Any CPU.Build.0 = Debug|Any CPU
		{B102AB97-45F2-4AAA-AD11-8B989DD7BC8C}.Release|Any CPU.ActiveCfg = Release|Any CPU
		{B102AB97-45F2-4AAA-AD11-8B989DD7BC8C}.Release|Any CPU.Build.0 = Release|Any CPU
		{E802F092-2DD9-464B-B751-C9A58A77B554}.Debug|Any CPU.ActiveCfg = Debug|Any CPU
		{E802F092-2DD9-464B-B751-C9A58A77B554}.Debug|Any CPU.Build.0 = Debug|Any CPU
		{E802F092-2DD9-464B-B751-C9A58A77B554}.Release|Any CPU.ActiveCfg = Release|Any CPU
		{E802F092-2DD9-464B-B751-C9A58A77B554}.Release|Any CPU.Build.0 = Release|Any CPU
	EndGlobalSection
	GlobalSection(SolutionProperties) = preSolution
		HideSolutionNode = FALSE
	EndGlobalSection
	GlobalSection(ExtensibilityGlobals) = postSolution
		SolutionGuid = {BB7FCBF1-1E07-4BE1-B1D9-DB40AC6AC24C}
	EndGlobalSection
EndGlobal
